
Microsoft Visual Studio Solution File, Format Version 12.00
# Visual Studio Version 17
VisualStudioVersion = 17.7.34221.43
MinimumVisualStudioVersion = 10.0.40219.1
Project("{FAE04EC0-301F-11D3-BF4B-00C04F79EFBC}") = "BlueSkyCitadel", "BlueSkyCitadel\BlueSkyCitadel.csproj", "{7F586041-1EFD-4D85-AD60-581CF304F1E6}"
EndProject
Global
	GlobalSection(SolutionConfigurationPlatforms) = preSolution
		Debug|Any CPU = Debug|Any CPU
		Release|Any CPU = Release|Any CPU
	EndGlobalSection
	GlobalSection(ProjectConfigurationPlatforms) = postSolution
		{7F586041-1EFD-4D85-AD60-581CF304F1E6}.Debug|Any CPU.ActiveCfg = Debug|Any CPU
		{7F586041-1EFD-4D85-AD60-581CF304F1E6}.Debug|Any CPU.Build.0 = Debug|Any CPU
		{7F586041-1EFD-4D85-AD60-581CF304F1E6}.Release|Any CPU.ActiveCfg = Release|Any CPU
		{7F586041-1EFD-4D85-AD60-581CF304F1E6}.Release|Any CPU.Build.0 = Release|Any CPU
	EndGlobalSection
	GlobalSection(SolutionProperties) = preSolution
		HideSolutionNode = FALSE
	EndGlobalSection
	GlobalSection(ExtensibilityGlobals) = postSolution
		SolutionGuid = {642A6314-E3E5-407F-91B2-AA568662E1F2}
	EndGlobalSection
EndGlobal
